
Microsoft Visual Studio Solution File, Format Version 12.00
# Visual Studio Version 16
VisualStudioVersion = 16.0.30709.132
MinimumVisualStudioVersion = 10.0.40219.1
Project("{FAE04EC0-301F-11D3-BF4B-00C04F79EFBC}") = "in-uppgift1", "in-uppgift1\in-uppgift1.csproj", "{ABB6D406-032E-4312-8BFE-5726E8F945EA}"
EndProject
Global
	GlobalSection(SolutionConfigurationPlatforms) = preSolution
		Debug|Any CPU = Debug|Any CPU
		Release|Any CPU = Release|Any CPU
	EndGlobalSection
	GlobalSection(ProjectConfigurationPlatforms) = postSolution
		{ABB6D406-032E-4312-8BFE-5726E8F945EA}.Debug|Any CPU.ActiveCfg = Debug|Any CPU
		{ABB6D406-032E-4312-8BFE-5726E8F945EA}.Debug|Any CPU.Build.0 = Debug|Any CPU
		{ABB6D406-032E-4312-8BFE-5726E8F945EA}.Release|Any CPU.ActiveCfg = Release|Any CPU
		{ABB6D406-032E-4312-8BFE-5726E8F945EA}.Release|Any CPU.Build.0 = Release|Any CPU
	EndGlobalSection
	GlobalSection(SolutionProperties) = preSolution
		HideSolutionNode = FALSE
	EndGlobalSection
	GlobalSection(ExtensibilityGlobals) = postSolution
		SolutionGuid = {4773DD5F-5B81-4D6B-8371-18488326356B}
	EndGlobalSection
EndGlobal
